{
    "_readme": [
        "This file locks the dependencies of your project to a known state",
        "Read more about it at https://getcomposer.org/doc/01-basic-usage.md#composer-lock-the-lock-file",
        "This file is @generated automatically"
    ],
    "hash": "b3a7a4ebeba9e48ee87b32544f5a08b6",
    "content-hash": "0feb2d735d1982b72d22d66ec4d3f1eb",
    "packages": [
        {
            "name": "dnoegel/php-xdg-base-dir",
            "version": "0.1",
            "source": {
                "type": "git",
                "url": "https://github.com/dnoegel/php-xdg-base-dir.git",
                "reference": "265b8593498b997dc2d31e75b89f053b5cc9621a"
            },
            "dist": {
                "type": "zip",
                "url": "https://api.github.com/repos/dnoegel/php-xdg-base-dir/zipball/265b8593498b997dc2d31e75b89f053b5cc9621a",
                "reference": "265b8593498b997dc2d31e75b89f053b5cc9621a",
                "shasum": ""
            },
            "require": {
                "php": ">=5.3.2"
            },
            "require-dev": {
                "phpunit/phpunit": "@stable"
            },
            "type": "project",
            "autoload": {
                "psr-4": {
                    "XdgBaseDir\\": "src/"
                }
            },
            "notification-url": "https://packagist.org/downloads/",
            "license": [
                "MIT"
            ],
            "description": "implementation of xdg base directory specification for php",
            "time": "2014-10-24 07:27:01"
        },
        {
            "name": "jakub-onderka/php-console-color",
            "version": "0.1",
            "source": {
                "type": "git",
                "url": "https://github.com/JakubOnderka/PHP-Console-Color.git",
                "reference": "e0b393dacf7703fc36a4efc3df1435485197e6c1"
            },
            "dist": {
                "type": "zip",
                "url": "https://api.github.com/repos/JakubOnderka/PHP-Console-Color/zipball/e0b393dacf7703fc36a4efc3df1435485197e6c1",
                "reference": "e0b393dacf7703fc36a4efc3df1435485197e6c1",
                "shasum": ""
            },
            "require": {
                "php": ">=5.3.2"
            },
            "require-dev": {
                "jakub-onderka/php-code-style": "1.0",
                "jakub-onderka/php-parallel-lint": "0.*",
                "jakub-onderka/php-var-dump-check": "0.*",
                "phpunit/phpunit": "3.7.*",
                "squizlabs/php_codesniffer": "1.*"
            },
            "type": "library",
            "autoload": {
                "psr-0": {
                    "JakubOnderka\\PhpConsoleColor": "src/"
                }
            },
            "notification-url": "https://packagist.org/downloads/",
            "license": [
                "BSD-2-Clause"
            ],
            "authors": [
                {
                    "name": "Jakub Onderka",
                    "email": "jakub.onderka@gmail.com",
                    "homepage": "http://www.acci.cz"
                }
            ],
            "time": "2014-04-08 15:00:19"
        },
        {
            "name": "jakub-onderka/php-console-highlighter",
            "version": "v0.3.2",
            "source": {
                "type": "git",
                "url": "https://github.com/JakubOnderka/PHP-Console-Highlighter.git",
                "reference": "7daa75df45242c8d5b75a22c00a201e7954e4fb5"
            },
            "dist": {
                "type": "zip",
                "url": "https://api.github.com/repos/JakubOnderka/PHP-Console-Highlighter/zipball/7daa75df45242c8d5b75a22c00a201e7954e4fb5",
                "reference": "7daa75df45242c8d5b75a22c00a201e7954e4fb5",
                "shasum": ""
            },
            "require": {
                "jakub-onderka/php-console-color": "~0.1",
                "php": ">=5.3.0"
            },
            "require-dev": {
                "jakub-onderka/php-code-style": "~1.0",
                "jakub-onderka/php-parallel-lint": "~0.5",
                "jakub-onderka/php-var-dump-check": "~0.1",
                "phpunit/phpunit": "~4.0",
                "squizlabs/php_codesniffer": "~1.5"
            },
            "type": "library",
            "autoload": {
                "psr-0": {
                    "JakubOnderka\\PhpConsoleHighlighter": "src/"
                }
            },
            "notification-url": "https://packagist.org/downloads/",
            "license": [
                "MIT"
            ],
            "authors": [
                {
                    "name": "Jakub Onderka",
                    "email": "acci@acci.cz",
                    "homepage": "http://www.acci.cz/"
                }
            ],
            "time": "2015-04-20 18:58:01"
        },
        {
            "name": "monolog/monolog",
            "version": "1.17.2",
            "source": {
                "type": "git",
                "url": "https://github.com/Seldaek/monolog.git",
                "reference": "bee7f0dc9c3e0b69a6039697533dca1e845c8c24"
            },
            "dist": {
                "type": "zip",
                "url": "https://api.github.com/repos/Seldaek/monolog/zipball/bee7f0dc9c3e0b69a6039697533dca1e845c8c24",
                "reference": "bee7f0dc9c3e0b69a6039697533dca1e845c8c24",
                "shasum": ""
            },
            "require": {
                "php": ">=5.3.0",
                "psr/log": "~1.0"
            },
            "provide": {
                "psr/log-implementation": "1.0.0"
            },
            "require-dev": {
                "aws/aws-sdk-php": "^2.4.9",
                "doctrine/couchdb": "~1.0@dev",
                "graylog2/gelf-php": "~1.0",
                "jakub-onderka/php-parallel-lint": "0.9",
                "php-console/php-console": "^3.1.3",
                "phpunit/phpunit": "~4.5",
                "phpunit/phpunit-mock-objects": "2.3.0",
                "raven/raven": "^0.13",
                "ruflin/elastica": ">=0.90 <3.0",
                "swiftmailer/swiftmailer": "~5.3",
                "videlalvaro/php-amqplib": "~2.4"
            },
            "suggest": {
                "aws/aws-sdk-php": "Allow sending log messages to AWS services like DynamoDB",
                "doctrine/couchdb": "Allow sending log messages to a CouchDB server",
                "ext-amqp": "Allow sending log messages to an AMQP server (1.0+ required)",
                "ext-mongo": "Allow sending log messages to a MongoDB server",
                "graylog2/gelf-php": "Allow sending log messages to a GrayLog2 server",
                "php-console/php-console": "Allow sending log messages to Google Chrome",
                "raven/raven": "Allow sending log messages to a Sentry server",
                "rollbar/rollbar": "Allow sending log messages to Rollbar",
                "ruflin/elastica": "Allow sending log messages to an Elastic Search server",
                "videlalvaro/php-amqplib": "Allow sending log messages to an AMQP server using php-amqplib"
            },
            "type": "library",
            "extra": {
                "branch-alias": {
                    "dev-master": "1.16.x-dev"
                }
            },
            "autoload": {
                "psr-4": {
                    "Monolog\\": "src/Monolog"
                }
            },
            "notification-url": "https://packagist.org/downloads/",
            "license": [
                "MIT"
            ],
            "authors": [
                {
                    "name": "Jordi Boggiano",
                    "email": "j.boggiano@seld.be",
                    "homepage": "http://seld.be"
                }
            ],
            "description": "Sends your logs to files, sockets, inboxes, databases and various web services",
            "homepage": "http://github.com/Seldaek/monolog",
            "keywords": [
                "log",
                "logging",
                "psr-3"
            ],
            "time": "2015-10-14 12:51:02"
        },
        {
            "name": "nikic/php-parser",
            "version": "v2.0.0",
            "source": {
                "type": "git",
                "url": "https://github.com/nikic/PHP-Parser.git",
                "reference": "c542e5d86a9775abd1021618eb2430278bfc1e01"
            },
            "dist": {
                "type": "zip",
                "url": "https://api.github.com/repos/nikic/PHP-Parser/zipball/c542e5d86a9775abd1021618eb2430278bfc1e01",
                "reference": "c542e5d86a9775abd1021618eb2430278bfc1e01",
                "shasum": ""
            },
            "require": {
                "ext-tokenizer": "*",
                "php": ">=5.4"
            },
            "require-dev": {
                "phpunit/phpunit": "~4.0"
            },
            "bin": [
                "bin/php-parse"
            ],
            "type": "library",
            "extra": {
                "branch-alias": {
                    "dev-master": "2.0-dev"
                }
            },
            "autoload": {
                "psr-4": {
                    "PhpParser\\": "lib/PhpParser"
                }
            },
            "notification-url": "https://packagist.org/downloads/",
            "license": [
                "BSD-3-Clause"
            ],
            "authors": [
                {
                    "name": "Nikita Popov"
                }
            ],
            "description": "A PHP parser written in PHP",
            "keywords": [
                "parser",
                "php"
            ],
            "time": "2015-12-04 15:28:43"
        },
        {
            "name": "psr/log",
            "version": "1.0.0",
            "source": {
                "type": "git",
                "url": "https://github.com/php-fig/log.git",
                "reference": "fe0936ee26643249e916849d48e3a51d5f5e278b"
            },
            "dist": {
                "type": "zip",
                "url": "https://api.github.com/repos/php-fig/log/zipball/fe0936ee26643249e916849d48e3a51d5f5e278b",
                "reference": "fe0936ee26643249e916849d48e3a51d5f5e278b",
                "shasum": ""
            },
            "type": "library",
            "autoload": {
                "psr-0": {
                    "Psr\\Log\\": ""
                }
            },
            "notification-url": "https://packagist.org/downloads/",
            "license": [
                "MIT"
            ],
            "authors": [
                {
                    "name": "PHP-FIG",
                    "homepage": "http://www.php-fig.org/"
                }
            ],
            "description": "Common interface for logging libraries",
            "keywords": [
                "log",
                "psr",
                "psr-3"
            ],
            "time": "2012-12-21 11:40:51"
        },
        {
            "name": "psy/psysh",
            "version": "v0.6.1",
            "source": {
                "type": "git",
                "url": "https://github.com/bobthecow/psysh.git",
                "reference": "0f04df0b23663799a8941fae13cd8e6299bde3ed"
            },
            "dist": {
                "type": "zip",
                "url": "https://api.github.com/repos/bobthecow/psysh/zipball/0f04df0b23663799a8941fae13cd8e6299bde3ed",
                "reference": "0f04df0b23663799a8941fae13cd8e6299bde3ed",
                "shasum": ""
            },
            "require": {
                "dnoegel/php-xdg-base-dir": "0.1",
                "jakub-onderka/php-console-highlighter": "0.3.*",
                "nikic/php-parser": "^1.2.1|~2.0",
                "php": ">=5.3.9",
                "symfony/console": "~2.3.10|^2.4.2|~3.0",
                "symfony/var-dumper": "~2.7|~3.0"
            },
            "require-dev": {
                "fabpot/php-cs-fixer": "~1.5",
                "phpunit/phpunit": "~3.7|~4.0|~5.0",
                "squizlabs/php_codesniffer": "~2.0",
                "symfony/finder": "~2.1|~3.0"
            },
            "suggest": {
                "ext-pcntl": "Enabling the PCNTL extension makes PsySH a lot happier :)",
                "ext-pdo-sqlite": "The doc command requires SQLite to work.",
                "ext-posix": "If you have PCNTL, you'll want the POSIX extension as well.",
                "ext-readline": "Enables support for arrow-key history navigation, and showing and manipulating command history."
            },
            "bin": [
                "bin/psysh"
            ],
            "type": "library",
            "extra": {
                "branch-alias": {
                    "dev-develop": "0.7.x-dev"
                }
            },
            "autoload": {
                "files": [
                    "src/Psy/functions.php"
                ],
                "psr-4": {
                    "Psy\\": "src/Psy/"
                }
            },
            "notification-url": "https://packagist.org/downloads/",
            "license": [
                "MIT"
            ],
            "authors": [
                {
                    "name": "Justin Hileman",
                    "email": "justin@justinhileman.info",
                    "homepage": "http://justinhileman.com"
                }
            ],
            "description": "An interactive shell for modern PHP.",
            "homepage": "http://psysh.org",
            "keywords": [
                "REPL",
                "console",
                "interactive",
                "shell"
            ],
            "time": "2015-11-12 16:18:56"
        },
        {
            "name": "symfony/console",
            "version": "v3.0.0",
            "source": {
                "type": "git",
                "url": "https://github.com/symfony/console.git",
                "reference": "175871ca8d1ef16ff8d8cac395a1c73afa8d0e63"
            },
            "dist": {
                "type": "zip",
                "url": "https://api.github.com/repos/symfony/console/zipball/175871ca8d1ef16ff8d8cac395a1c73afa8d0e63",
                "reference": "175871ca8d1ef16ff8d8cac395a1c73afa8d0e63",
                "shasum": ""
            },
            "require": {
                "php": ">=5.5.9",
                "symfony/polyfill-mbstring": "~1.0"
            },
            "require-dev": {
                "psr/log": "~1.0",
                "symfony/event-dispatcher": "~2.8|~3.0",
                "symfony/process": "~2.8|~3.0"
            },
            "suggest": {
                "psr/log": "For using the console logger",
                "symfony/event-dispatcher": "",
                "symfony/process": ""
            },
            "type": "library",
            "extra": {
                "branch-alias": {
                    "dev-master": "3.0-dev"
                }
            },
            "autoload": {
                "psr-4": {
                    "Symfony\\Component\\Console\\": ""
                },
                "exclude-from-classmap": [
                    "/Tests/"
                ]
            },
            "notification-url": "https://packagist.org/downloads/",
            "license": [
                "MIT"
            ],
            "authors": [
                {
                    "name": "Fabien Potencier",
                    "email": "fabien@symfony.com"
                },
                {
                    "name": "Symfony Community",
                    "homepage": "https://symfony.com/contributors"
                }
            ],
            "description": "Symfony Console Component",
            "homepage": "https://symfony.com",
            "time": "2015-11-30 12:36:17"
        },
        {
            "name": "symfony/polyfill-mbstring",
            "version": "v1.0.0",
            "source": {
                "type": "git",
                "url": "https://github.com/symfony/polyfill-mbstring.git",
                "reference": "0b6a8940385311a24e060ec1fe35680e17c74497"
            },
            "dist": {
                "type": "zip",
                "url": "https://api.github.com/repos/symfony/polyfill-mbstring/zipball/0b6a8940385311a24e060ec1fe35680e17c74497",
                "reference": "0b6a8940385311a24e060ec1fe35680e17c74497",
                "shasum": ""
            },
            "require": {
                "php": ">=5.3.3"
            },
            "type": "library",
            "extra": {
                "branch-alias": {
                    "dev-master": "1.0-dev"
                }
            },
            "autoload": {
                "psr-4": {
                    "Symfony\\Polyfill\\Mbstring\\": ""
                },
                "files": [
                    "bootstrap.php"
                ]
            },
            "notification-url": "https://packagist.org/downloads/",
            "license": [
                "MIT"
            ],
            "authors": [
                {
                    "name": "Nicolas Grekas",
                    "email": "p@tchwork.com"
                },
                {
                    "name": "Symfony Community",
                    "homepage": "https://symfony.com/contributors"
                }
            ],
            "description": "Symfony polyfill for the Mbstring extension",
            "homepage": "https://symfony.com",
            "keywords": [
                "compatibility",
                "mbstring",
                "polyfill",
                "portable",
                "shim"
            ],
            "time": "2015-11-04 20:28:58"
        },
        {
            "name": "symfony/var-dumper",
            "version": "v3.0.0",
            "source": {
                "type": "git",
                "url": "https://github.com/symfony/var-dumper.git",
                "reference": "737e07704cca83f9dd0af926d45ce27eedc25657"
            },
            "dist": {
                "type": "zip",
                "url": "https://api.github.com/repos/symfony/var-dumper/zipball/737e07704cca83f9dd0af926d45ce27eedc25657",
                "reference": "737e07704cca83f9dd0af926d45ce27eedc25657",
                "shasum": ""
            },
            "require": {
                "php": ">=5.5.9",
                "symfony/polyfill-mbstring": "~1.0"
            },
            "require-dev": {
                "twig/twig": "~1.20|~2.0"
            },
            "suggest": {
                "ext-symfony_debug": ""
            },
            "type": "library",
            "extra": {
                "branch-alias": {
                    "dev-master": "3.0-dev"
                }
            },
            "autoload": {
                "files": [
                    "Resources/functions/dump.php"
                ],
                "psr-4": {
                    "Symfony\\Component\\VarDumper\\": ""
                },
                "exclude-from-classmap": [
                    "/Tests/"
                ]
            },
            "notification-url": "https://packagist.org/downloads/",
            "license": [
                "MIT"
            ],
            "authors": [
                {
                    "name": "Nicolas Grekas",
                    "email": "p@tchwork.com"
                },
                {
                    "name": "Symfony Community",
                    "homepage": "https://symfony.com/contributors"
                }
            ],
            "description": "Symfony mechanism for exploring and dumping PHP variables",
            "homepage": "https://symfony.com",
            "keywords": [
                "debug",
                "dump"
            ],
            "time": "2015-11-18 13:48:51"
        }
    ],
    "packages-dev": [],
    "aliases": [],
    "minimum-stability": "stable",
    "stability-flags": [],
    "prefer-stable": false,
    "prefer-lowest": false,
    "platform": [],
    "platform-dev": []
}
